
Microsoft Visual Studio Solution File, Format Version 12.00
# Visual Studio Version 17
VisualStudioVersion = 17.1.32328.378
MinimumVisualStudioVersion = 10.0.40219.1
Project("{9A19103F-16F7-4668-BE54-9A1E7A4F7556}") = "DBManager", "DBManager\DBManager.csproj", "{773EE0BC-8DB5-429B-84E8-3A7900299AF2}"
EndProject
Global
	GlobalSection(SolutionConfigurationPlatforms) = preSolution
		Debug|Any CPU = Debug|Any CPU
		Release|Any CPU = Release|Any CPU
	EndGlobalSection
	GlobalSection(ProjectConfigurationPlatforms) = postSolution
		{773EE0BC-8DB5-429B-84E8-3A7900299AF2}.Debug|Any CPU.ActiveCfg = Debug|Any CPU
		{773EE0BC-8DB5-429B-84E8-3A7900299AF2}.Debug|Any CPU.Build.0 = Debug|Any CPU
		{773EE0BC-8DB5-429B-84E8-3A7900299AF2}.Release|Any CPU.ActiveCfg = Release|Any CPU
		{773EE0BC-8DB5-429B-84E8-3A7900299AF2}.Release|Any CPU.Build.0 = Release|Any CPU
	EndGlobalSection
	GlobalSection(SolutionProperties) = preSolution
		HideSolutionNode = FALSE
	EndGlobalSection
	GlobalSection(ExtensibilityGlobals) = postSolution
		SolutionGuid = {8DD4DB59-115D-43E5-A728-3D8DFFBFC111}
	EndGlobalSection
EndGlobal
